// !$*UTF8*$!
{
	archiveVersion = 1;
	classes = {
	};
	objectVersion = 55;
	objects = {

/* Begin PBXBuildFile section */
		299974B92833CB710048A320 /* AppDelegate.swift in Sources */ = {isa = PBXBuildFile; fileRef = 299974B82833CB710048A320 /* AppDelegate.swift */; };
		299974BB2833CB710048A320 /* SceneDelegate.swift in Sources */ = {isa = PBXBuildFile; fileRef = 299974BA2833CB710048A320 /* SceneDelegate.swift */; };
		299974BD2833CB710048A320 /* ViewController.swift in Sources */ = {isa = PBXBuildFile; fileRef = 299974BC2833CB710048A320 /* ViewController.swift */; };
		299974C02833CB710048A320 /* Main.storyboard in Resources */ = {isa = PBXBuildFile; fileRef = 299974BE2833CB710048A320 /* Main.storyboard */; };
		299974C22833CB730048A320 /* Assets.xcassets in Resources */ = {isa = PBXBuildFile; fileRef = 299974C12833CB730048A320 /* Assets.xcassets */; };
		299974C52833CB730048A320 /* LaunchScreen.storyboard in Resources */ = {isa = PBXBuildFile; fileRef = 299974C32833CB730048A320 /* LaunchScreen.storyboard */; };
		299974D02833CB730048A320 /* FactoryMethodImplementationTests.swift in Sources */ = {isa = PBXBuildFile; fileRef = 299974CF2833CB730048A320 /* FactoryMethodImplementationTests.swift */; };
		299974DA2833CB730048A320 /* FactoryMethodImplementationUITests.swift in Sources */ = {isa = PBXBuildFile; fileRef = 299974D92833CB730048A320 /* FactoryMethodImplementationUITests.swift */; };
		299974DC2833CB730048A320 /* FactoryMethodImplementationUITestsLaunchTests.swift in Sources */ = {isa = PBXBuildFile; fileRef = 299974DB2833CB730048A320 /* FactoryMethodImplementationUITestsLaunchTests.swift */; };
		299974EA2833CDD40048A320 /* BreadFactory.swift in Sources */ = {isa = PBXBuildFile; fileRef = 299974E92833CDD40048A320 /* BreadFactory.swift */; };
		299974ED2833CE840048A320 /* Bread.swift in Sources */ = {isa = PBXBuildFile; fileRef = 299974EC2833CE840048A320 /* Bread.swift */; };
/* End PBXBuildFile section */

/* Begin PBXContainerItemProxy section */
		299974CC2833CB730048A320 /* PBXContainerItemProxy */ = {
			isa = PBXContainerItemProxy;
			containerPortal = 299974AD2833CB710048A320 /* Project object */;
			proxyType = 1;
			remoteGlobalIDString = 299974B42833CB710048A320;
			remoteInfo = FactoryMethodImplementation;
		};
		299974D62833CB730048A320 /* PBXContainerItemProxy */ = {
			isa = PBXContainerItemProxy;
			containerPortal = 299974AD2833CB710048A320 /* Project object */;
			proxyType = 1;
			remoteGlobalIDString = 299974B42833CB710048A320;
			remoteInfo = FactoryMethodImplementation;
		};
/* End PBXContainerItemProxy section */

/* Begin PBXFileReference section */
		299974B52833CB710048A320 /* FactoryMethodImplementation.app */ = {isa = PBXFileReference; explicitFileType = wrapper.application; includeInIndex = 0; path = FactoryMethodImplementation.app; sourceTree = BUILT_PRODUCTS_DIR; };
		299974B82833CB710048A320 /* AppDelegate.swift */ = {isa = PBXFileReference; lastKnownFileType = sourcecode.swift; path = AppDelegate.swift; sourceTree = "<group>"; };
		299974BA2833CB710048A320 /* SceneDelegate.swift */ = {isa = PBXFileReference; lastKnownFileType = sourcecode.swift; path = SceneDelegate.swift; sourceTree = "<group>"; };
		299974BC2833CB710048A320 /* ViewController.swift */ = {isa = PBXFileReference; lastKnownFileType = sourcecode.swift; path = ViewController.swift; sourceTree = "<group>"; };
		299974BF2833CB710048A320 /* Base */ = {isa = PBXFileReference; lastKnownFileType = file.storyboard; name = Base; path = Base.lproj/Main.storyboard; sourceTree = "<group>"; };
		299974C12833CB730048A320 /* Assets.xcassets */ = {isa = PBXFileReference; lastKnownFileType = folder.assetcatalog; path = Assets.xcassets; sourceTree = "<group>"; };
		299974C42833CB730048A320 /* Base */ = {isa = PBXFileReference; lastKnownFileType = file.storyboard; name = Base; path = Base.lproj/LaunchScreen.storyboard; sourceTree = "<group>"; };
		299974C62833CB730048A320 /* Info.plist */ = {isa = PBXFileReference; lastKnownFileType = text.plist.xml; path = Info.plist; sourceTree = "<group>"; };
		299974CB2833CB730048A320 /* FactoryMethodImplementationTests.xctest */ = {isa = PBXFileReference; explicitFileType = wrapper.cfbundle; includeInIndex = 0; path = FactoryMethodImplementationTests.xctest; sourceTree = BUILT_PRODUCTS_DIR; };
		299974CF2833CB730048A320 /* FactoryMethodImplementationTests.swift */ = {isa = PBXFileReference; lastKnownFileType = sourcecode.swift; path = FactoryMethodImplementationTests.swift; sourceTree = "<group>"; };
		299974D52833CB730048A320 /* FactoryMethodImplementationUITests.xctest */ = {isa = PBXFileReference; explicitFileType = wrapper.cfbundle; includeInIndex = 0; path = FactoryMethodImplementationUITests.xctest; sourceTree = BUILT_PRODUCTS_DIR; };
		299974D92833CB730048A320 /* FactoryMethodImplementationUITests.swift */ = {isa = PBXFileReference; lastKnownFileType = sourcecode.swift; path = FactoryMethodImplementationUITests.swift; sourceTree = "<group>"; };
		299974DB2833CB730048A320 /* FactoryMethodImplementationUITestsLaunchTests.swift */ = {isa = PBXFileReference; lastKnownFileType = sourcecode.swift; path = FactoryMethodImplementationUITestsLaunchTests.swift; sourceTree = "<group>"; };
		299974E92833CDD40048A320 /* BreadFactory.swift */ = {isa = PBXFileReference; lastKnownFileType = sourcecode.swift; path = BreadFactory.swift; sourceTree = "<group>"; };
		299974EC2833CE840048A320 /* Bread.swift */ = {isa = PBXFileReference; lastKnownFileType = sourcecode.swift; path = Bread.swift; sourceTree = "<group>"; };
/* End PBXFileReference section */

/* Begin PBXFrameworksBuildPhase section */
		299974B22833CB710048A320 /* Frameworks */ = {
			isa = PBXFrameworksBuildPhase;
			buildActionMask = 2147483647;
			files = (
			);
			runOnlyForDeploymentPostprocessing = 0;
		};
		299974C82833CB730048A320 /* Frameworks */ = {
			isa = PBXFrameworksBuildPhase;
			buildActionMask = 2147483647;
			files = (
			);
			runOnlyForDeploymentPostprocessing = 0;
		};
		299974D22833CB730048A320 /* Frameworks */ = {
			isa = PBXFrameworksBuildPhase;
			buildActionMask = 2147483647;
			files = (
			);
			runOnlyForDeploymentPostprocessing = 0;
		};
/* End PBXFrameworksBuildPhase section */

/* Begin PBXGroup section */
		299974AC2833CB710048A320 = {
			isa = PBXGroup;
			children = (
				299974B72833CB710048A320 /* FactoryMethodImplementation */,
				299974CE2833CB730048A320 /* FactoryMethodImplementationTests */,
				299974D82833CB730048A320 /* FactoryMethodImplementationUITests */,
				299974B62833CB710048A320 /* Products */,
			);
			sourceTree = "<group>";
		};
		299974B62833CB710048A320 /* Products */ = {
			isa = PBXGroup;
			children = (
				299974B52833CB710048A320 /* FactoryMethodImplementation.app */,
				299974CB2833CB730048A320 /* FactoryMethodImplementationTests.xctest */,
				299974D52833CB730048A320 /* FactoryMethodImplementationUITests.xctest */,
			);
			name = Products;
			sourceTree = "<group>";
		};
		299974B72833CB710048A320 /* FactoryMethodImplementation */ = {
			isa = PBXGroup;
			children = (
				299974EB2833CE790048A320 /* Models */,
				299974E82833CDBD0048A320 /* BreadFactory */,
				299974B82833CB710048A320 /* AppDelegate.swift */,
				299974BA2833CB710048A320 /* SceneDelegate.swift */,
				299974BC2833CB710048A320 /* ViewController.swift */,
				299974BE2833CB710048A320 /* Main.storyboard */,
				299974C12833CB730048A320 /* Assets.xcassets */,
				299974C32833CB730048A320 /* LaunchScreen.storyboard */,
				299974C62833CB730048A320 /* Info.plist */,
			);
			path = FactoryMethodImplementation;
			sourceTree = "<group>";
		};
		299974CE2833CB730048A320 /* FactoryMethodImplementationTests */ = {
			isa = PBXGroup;
			children = (
				299974CF2833CB730048A320 /* FactoryMethodImplementationTests.swift */,
			);
			path = FactoryMethodImplementationTests;
			sourceTree = "<group>";
		};
		299974D82833CB730048A320 /* FactoryMethodImplementationUITests */ = {
			isa = PBXGroup;
			children = (
				299974D92833CB730048A320 /* FactoryMethodImplementationUITests.swift */,
				299974DB2833CB730048A320 /* FactoryMethodImplementationUITestsLaunchTests.swift */,
			);
			path = FactoryMethodImplementationUITests;
			sourceTree = "<group>";
		};
		299974E82833CDBD0048A320 /* BreadFactory */ = {
			isa = PBXGroup;
			children = (
				299974E92833CDD40048A320 /* BreadFactory.swift */,
			);
			path = BreadFactory;
			sourceTree = "<group>";
		};
		299974EB2833CE790048A320 /* Models */ = {
			isa = PBXGroup;
			children = (
				299974EC2833CE840048A320 /* Bread.swift */,
			);
			path = Models;
			sourceTree = "<group>";
		};
/* End PBXGroup section */

/* Begin PBXNativeTarget section */
		299974B42833CB710048A320 /* FactoryMethodImplementation */ = {
			isa = PBXNativeTarget;
			buildConfigurationList = 299974DF2833CB730048A320 /* Build configuration list for PBXNativeTarget "FactoryMethodImplementation" */;
			buildPhases = (
				299974B12833CB710048A320 /* Sources */,
				299974B22833CB710048A320 /* Frameworks */,
				299974B32833CB710048A320 /* Resources */,
			);
			buildRules = (
			);
			dependencies = (
			);
			name = FactoryMethodImplementation;
			productName = FactoryMethodImplementation;
			productReference = 299974B52833CB710048A320 /* FactoryMethodImplementation.app */;
			productType = "com.apple.product-type.application";
		};
		299974CA2833CB730048A320 /* FactoryMethodImplementationTests */ = {
			isa = PBXNativeTarget;
			buildConfigurationList = 299974E22833CB730048A320 /* Build configuration list for PBXNativeTarget "FactoryMethodImplementationTests" */;
			buildPhases = (
				299974C72833CB730048A320 /* Sources */,
				299974C82833CB730048A320 /* Frameworks */,
				299974C92833CB730048A320 /* Resources */,
			);
			buildRules = (
			);
			dependencies = (
				299974CD2833CB730048A320 /* PBXTargetDependency */,
			);
			name = FactoryMethodImplementationTests;
			productName = FactoryMethodImplementationTests;
			productReference = 299974CB2833CB730048A320 /* FactoryMethodImplementationTests.xctest */;
			productType = "com.apple.product-type.bundle.unit-test";
		};
		299974D42833CB730048A320 /* FactoryMethodImplementationUITests */ = {
			isa = PBXNativeTarget;
			buildConfigurationList = 299974E52833CB730048A320 /* Build configuration list for PBXNativeTarget "FactoryMethodImplementationUITests" */;
			buildPhases = (
				299974D12833CB730048A320 /* Sources */,
				299974D22833CB730048A320 /* Frameworks */,
				299974D32833CB730048A320 /* Resources */,
			);
			buildRules = (
			);
			dependencies = (
				299974D72833CB730048A320 /* PBXTargetDependency */,
			);
			name = FactoryMethodImplementationUITests;
			productName = FactoryMethodImplementationUITests;
			productReference = 299974D52833CB730048A320 /* FactoryMethodImplementationUITests.xctest */;
			productType = "com.apple.product-type.bundle.ui-testing";
		};
/* End PBXNativeTarget section */

/* Begin PBXProject section */
		299974AD2833CB710048A320 /* Project object */ = {
			isa = PBXProject;
			attributes = {
				BuildIndependentTargetsInParallel = 1;
				LastSwiftUpdateCheck = 1320;
				LastUpgradeCheck = 1320;
				TargetAttributes = {
					299974B42833CB710048A320 = {
						CreatedOnToolsVersion = 13.2.1;
					};
					299974CA2833CB730048A320 = {
						CreatedOnToolsVersion = 13.2.1;
						TestTargetID = 299974B42833CB710048A320;
					};
					299974D42833CB730048A320 = {
						CreatedOnToolsVersion = 13.2.1;
						TestTargetID = 299974B42833CB710048A320;
					};
				};
			};
			buildConfigurationList = 299974B02833CB710048A320 /* Build configuration list for PBXProject "FactoryMethodImplementation" */;
			compatibilityVersion = "Xcode 13.0";
			developmentRegion = en;
			hasScannedForEncodings = 0;
			knownRegions = (
				en,
				Base,
			);
			mainGroup = 299974AC2833CB710048A320;
			productRefGroup = 299974B62833CB710048A320 /* Products */;
			projectDirPath = "";
			projectRoot = "";
			targets = (
				299974B42833CB710048A320 /* FactoryMethodImplementation */,
				299974CA2833CB730048A320 /* FactoryMethodImplementationTests */,
				299974D42833CB730048A320 /* FactoryMethodImplementationUITests */,
			);
		};
/* End PBXProject section */

/* Begin PBXResourcesBuildPhase section */
		299974B32833CB710048A320 /* Resources */ = {
			isa = PBXResourcesBuildPhase;
			buildActionMask = 2147483647;
			files = (
				299974C52833CB730048A320 /* LaunchScreen.storyboard in Resources */,
				299974C22833CB730048A320 /* Assets.xcassets in Resources */,
				299974C02833CB710048A320 /* Main.storyboard in Resources */,
			);
			runOnlyForDeploymentPostprocessing = 0;
		};
		299974C92833CB730048A320 /* Resources */ = {
			isa = PBXResourcesBuildPhase;
			buildActionMask = 2147483647;
			files = (
			);
			runOnlyForDeploymentPostprocessing = 0;
		};
		299974D32833CB730048A320 /* Resources */ = {
			isa = PBXResourcesBuildPhase;
			buildActionMask = 2147483647;
			files = (
			);
			runOnlyForDeploymentPostprocessing = 0;
		};
/* End PBXResourcesBuildPhase section */

/* Begin PBXSourcesBuildPhase section */
		299974B12833CB710048A320 /* Sources */ = {
			isa = PBXSourcesBuildPhase;
			buildActionMask = 2147483647;
			files = (
				299974BD2833CB710048A320 /* ViewController.swift in Sources */,
				299974B92833CB710048A320 /* AppDelegate.swift in Sources */,
				299974BB2833CB710048A320 /* SceneDelegate.swift in Sources */,
				299974EA2833CDD40048A320 /* BreadFactory.swift in Sources */,
				299974ED2833CE840048A320 /* Bread.swift in Sources */,
			);
			runOnlyForDeploymentPostprocessing = 0;
		};
		299974C72833CB730048A320 /* Sources */ = {
			isa = PBXSourcesBuildPhase;
			buildActionMask = 2147483647;
			files = (
				299974D02833CB730048A320 /* FactoryMethodImplementationTests.swift in Sources */,
			);
			runOnlyForDeploymentPostprocessing = 0;
		};
		299974D12833CB730048A320 /* Sources */ = {
			isa = PBXSourcesBuildPhase;
			buildActionMask = 2147483647;
			files = (
				299974DC2833CB730048A320 /* FactoryMethodImplementationUITestsLaunchTests.swift in Sources */,
				299974DA2833CB730048A320 /* FactoryMethodImplementationUITests.swift in Sources */,
			);
			runOnlyForDeploymentPostprocessing = 0;
		};
/* End PBXSourcesBuildPhase section */

/* Begin PBXTargetDependency section */
		299974CD2833CB730048A320 /* PBXTargetDependency */ = {
			isa = PBXTargetDependency;
			target = 299974B42833CB710048A320 /* FactoryMethodImplementation */;
			targetProxy = 299974CC2833CB730048A320 /* PBXContainerItemProxy */;
		};
		299974D72833CB730048A320 /* PBXTargetDependency */ = {
			isa = PBXTargetDependency;
			target = 299974B42833CB710048A320 /* FactoryMethodImplementation */;
			targetProxy = 299974D62833CB730048A320 /* PBXContainerItemProxy */;
		};
/* End PBXTargetDependency section */

/* Begin PBXVariantGroup section */
		299974BE2833CB710048A320 /* Main.storyboard */ = {
			isa = PBXVariantGroup;
			children = (
				299974BF2833CB710048A320 /* Base */,
			);
			name = Main.storyboard;
			sourceTree = "<group>";
		};
		299974C32833CB730048A320 /* LaunchScreen.storyboard */ = {
			isa = PBXVariantGroup;
			children = (
				299974C42833CB730048A320 /* Base */,
			);
			name = LaunchScreen.storyboard;
			sourceTree = "<group>";
		};
/* End PBXVariantGroup section */

/* Begin XCBuildConfiguration section */
		299974DD2833CB730048A320 /* Debug */ = {
			isa = XCBuildConfiguration;
			buildSettings = {
				ALWAYS_SEARCH_USER_PATHS = NO;
				CLANG_ANALYZER_NONNULL = YES;
				CLANG_ANALYZER_NUMBER_OBJECT_CONVERSION = YES_AGGRESSIVE;
				CLANG_CXX_LANGUAGE_STANDARD = "gnu++17";
				CLANG_CXX_LIBRARY = "libc++";
				CLANG_ENABLE_MODULES = YES;
				CLANG_ENABLE_OBJC_ARC = YES;
				CLANG_ENABLE_OBJC_WEAK = YES;
				CLANG_WARN_BLOCK_CAPTURE_AUTORELEASING = YES;
				CLANG_WARN_BOOL_CONVERSION = YES;
				CLANG_WARN_COMMA = YES;
				CLANG_WARN_CONSTANT_CONVERSION = YES;
				CLANG_WARN_DEPRECATED_OBJC_IMPLEMENTATIONS = YES;
				CLANG_WARN_DIRECT_OBJC_ISA_USAGE = YES_ERROR;
				CLANG_WARN_DOCUMENTATION_COMMENTS = YES;
				CLANG_WARN_EMPTY_BODY = YES;
				CLANG_WARN_ENUM_CONVERSION = YES;
				CLANG_WARN_INFINITE_RECURSION = YES;
				CLANG_WARN_INT_CONVERSION = YES;
				CLANG_WARN_NON_LITERAL_NULL_CONVERSION = YES;
				CLANG_WARN_OBJC_IMPLICIT_RETAIN_SELF = YES;
				CLANG_WARN_OBJC_LITERAL_CONVERSION = YES;
				CLANG_WARN_OBJC_ROOT_CLASS = YES_ERROR;
				CLANG_WARN_QUOTED_INCLUDE_IN_FRAMEWORK_HEADER = YES;
				CLANG_WARN_RANGE_LOOP_ANALYSIS = YES;
				CLANG_WARN_STRICT_PROTOTYPES = YES;
				CLANG_WARN_SUSPICIOUS_MOVE = YES;
				CLANG_WARN_UNGUARDED_AVAILABILITY = YES_AGGRESSIVE;
				CLANG_WARN_UNREACHABLE_CODE = YES;
				CLANG_WARN__DUPLICATE_METHOD_MATCH = YES;
				COPY_PHASE_STRIP = NO;
				DEBUG_INFORMATION_FORMAT = dwarf;
				ENABLE_STRICT_OBJC_MSGSEND = YES;
				ENABLE_TESTABILITY = YES;
				GCC_C_LANGUAGE_STANDARD = gnu11;
				GCC_DYNAMIC_NO_PIC = NO;
				GCC_NO_COMMON_BLOCKS = YES;
				GCC_OPTIMIZATION_LEVEL = 0;
				GCC_PREPROCESSOR_DEFINITIONS = (
					"DEBUG=1",
					"$(inherited)",
				);
				GCC_WARN_64_TO_32_BIT_CONVERSION = YES;
				GCC_WARN_ABOUT_RETURN_TYPE = YES_ERROR;
				GCC_WARN_UNDECLARED_SELECTOR = YES;
				GCC_WARN_UNINITIALIZED_AUTOS = YES_AGGRESSIVE;
				GCC_WARN_UNUSED_FUNCTION = YES;
				GCC_WARN_UNUSED_VARIABLE = YES;
				IPHONEOS_DEPLOYMENT_TARGET = 15.2;
				MTL_ENABLE_DEBUG_INFO = INCLUDE_SOURCE;
				MTL_FAST_MATH = YES;
				ONLY_ACTIVE_ARCH = YES;
				SDKROOT = iphoneos;
				SWIFT_ACTIVE_COMPILATION_CONDITIONS = DEBUG;
				SWIFT_OPTIMIZATION_LEVEL = "-Onone";
			};
			name = Debug;
		};
		299974DE2833CB730048A320 /* Release */ = {
			isa = XCBuildConfiguration;
			buildSettings = {
				ALWAYS_SEARCH_USER_PATHS = NO;
				CLANG_ANALYZER_NONNULL = YES;
				CLANG_ANALYZER_NUMBER_OBJECT_CONVERSION = YES_AGGRESSIVE;
				CLANG_CXX_LANGUAGE_STANDARD = "gnu++17";
				CLANG_CXX_LIBRARY = "libc++";
				CLANG_ENABLE_MODULES = YES;
				CLANG_ENABLE_OBJC_ARC = YES;
				CLANG_ENABLE_OBJC_WEAK = YES;
				CLANG_WARN_BLOCK_CAPTURE_AUTORELEASING = YES;
				CLANG_WARN_BOOL_CONVERSION = YES;
				CLANG_WARN_COMMA = YES;
				CLANG_WARN_CONSTANT_CONVERSION = YES;
				CLANG_WARN_DEPRECATED_OBJC_IMPLEMENTATIONS = YES;
				CLANG_WARN_DIRECT_OBJC_ISA_USAGE = YES_ERROR;
				CLANG_WARN_DOCUMENTATION_COMMENTS = YES;
				CLANG_WARN_EMPTY_BODY = YES;
				CLANG_WARN_ENUM_CONVERSION = YES;
				CLANG_WARN_INFINITE_RECURSION = YES;
				CLANG_WARN_INT_CONVERSION = YES;
				CLANG_WARN_NON_LITERAL_NULL_CONVERSION = YES;
				CLANG_WARN_OBJC_IMPLICIT_RETAIN_SELF = YES;
				CLANG_WARN_OBJC_LITERAL_CONVERSION = YES;
				CLANG_WARN_OBJC_ROOT_CLASS = YES_ERROR;
				CLANG_WARN_QUOTED_INCLUDE_IN_FRAMEWORK_HEADER = YES;
				CLANG_WARN_RANGE_LOOP_ANALYSIS = YES;
				CLANG_WARN_STRICT_PROTOTYPES = YES;
				CLANG_WARN_SUSPICIOUS_MOVE = YES;
				CLANG_WARN_UNGUARDED_AVAILABILITY = YES_AGGRESSIVE;
				CLANG_WARN_UNREACHABLE_CODE = YES;
				CLANG_WARN__DUPLICATE_METHOD_MATCH = YES;
				COPY_PHASE_STRIP = NO;
				DEBUG_INFORMATION_FORMAT = "dwarf-with-dsym";
				ENABLE_NS_ASSERTIONS = NO;
				ENABLE_STRICT_OBJC_MSGSEND = YES;
				GCC_C_LANGUAGE_STANDARD = gnu11;
				GCC_NO_COMMON_BLOCKS = YES;
				GCC_WARN_64_TO_32_BIT_CONVERSION = YES;
				GCC_WARN_ABOUT_RETURN_TYPE = YES_ERROR;
				GCC_WARN_UNDECLARED_SELECTOR = YES;
				GCC_WARN_UNINITIALIZED_AUTOS = YES_AGGRESSIVE;
				GCC_WARN_UNUSED_FUNCTION = YES;
				GCC_WARN_UNUSED_VARIABLE = YES;
				IPHONEOS_DEPLOYMENT_TARGET = 15.2;
				MTL_ENABLE_DEBUG_INFO = NO;
				MTL_FAST_MATH = YES;
				SDKROOT = iphoneos;
				SWIFT_COMPILATION_MODE = wholemodule;
				SWIFT_OPTIMIZATION_LEVEL = "-O";
				VALIDATE_PRODUCT = YES;
			};
			name = Release;
		};
		299974E02833CB730048A320 /* Debug */ = {
			isa = XCBuildConfiguration;
			buildSettings = {
				ASSETCATALOG_COMPILER_APPICON_NAME = AppIcon;
				ASSETCATALOG_COMPILER_GLOBAL_ACCENT_COLOR_NAME = AccentColor;
				CODE_SIGN_STYLE = Automatic;
				CURRENT_PROJECT_VERSION = 1;
				DEVELOPMENT_TEAM = Z9M62WF3J6;
				GENERATE_INFOPLIST_FILE = YES;
				INFOPLIST_FILE = FactoryMethodImplementation/Info.plist;
				INFOPLIST_KEY_UIApplicationSupportsIndirectInputEvents = YES;
				INFOPLIST_KEY_UILaunchStoryboardName = LaunchScreen;
				INFOPLIST_KEY_UIMainStoryboardFile = Main;
				INFOPLIST_KEY_UISupportedInterfaceOrientations_iPad = "UIInterfaceOrientationPortrait UIInterfaceOrientationPortraitUpsideDown UIInterfaceOrientationLandscapeLeft UIInterfaceOrientationLandscapeRight";
				INFOPLIST_KEY_UISupportedInterfaceOrientations_iPhone = "UIInterfaceOrientationPortrait UIInterfaceOrientationLandscapeLeft UIInterfaceOrientationLandscapeRight";
				LD_RUNPATH_SEARCH_PATHS = (
					"$(inherited)",
					"@executable_path/Frameworks",
				);
				MARKETING_VERSION = 1.0;
				PRODUCT_BUNDLE_IDENTIFIER = comtq.FactoryMethodImplementation;
				PRODUCT_NAME = "$(TARGET_NAME)";
				SWIFT_EMIT_LOC_STRINGS = YES;
				SWIFT_VERSION = 5.0;
				TARGETED_DEVICE_FAMILY = "1,2";
			};
			name = Debug;
		};
		299974E12833CB730048A320 /* Release */ = {
			isa = XCBuildConfiguration;
			buildSettings = {
				ASSETCATALOG_COMPILER_APPICON_NAME = AppIcon;
				ASSETCATALOG_COMPILER_GLOBAL_ACCENT_COLOR_NAME = AccentColor;
				CODE_SIGN_STYLE = Automatic;
				CURRENT_PROJECT_VERSION = 1;
				DEVELOPMENT_TEAM = Z9M62WF3J6;
				GENERATE_INFOPLIST_FILE = YES;
				INFOPLIST_FILE = FactoryMethodImplementation/Info.plist;
				INFOPLIST_KEY_UIApplicationSupportsIndirectInputEvents = YES;
				INFOPLIST_KEY_UILaunchStoryboardName = LaunchScreen;
				INFOPLIST_KEY_UIMainStoryboardFile = Main;
				INFOPLIST_KEY_UISupportedInterfaceOrientations_iPad = "UIInterfaceOrientationPortrait UIInterfaceOrientationPortraitUpsideDown UIInterfaceOrientationLandscapeLeft UIInterfaceOrientationLandscapeRight";
				INFOPLIST_KEY_UISupportedInterfaceOrientations_iPhone = "UIInterfaceOrientationPortrait UIInterfaceOrientationLandscapeLeft UIInterfaceOrientationLandscapeRight";
				LD_RUNPATH_SEARCH_PATHS = (
					"$(inherited)",
					"@executable_path/Frameworks",
				);
				MARKETING_VERSION = 1.0;
				PRODUCT_BUNDLE_IDENTIFIER = comtq.FactoryMethodImplementation;
				PRODUCT_NAME = "$(TARGET_NAME)";
				SWIFT_EMIT_LOC_STRINGS = YES;
				SWIFT_VERSION = 5.0;
				TARGETED_DEVICE_FAMILY = "1,2";
			};
			name = Release;
		};
		299974E32833CB730048A320 /* Debug */ = {
			isa = XCBuildConfiguration;
			buildSettings = {
				ALWAYS_EMBED_SWIFT_STANDARD_LIBRARIES = YES;
				BUNDLE_LOADER = "$(TEST_HOST)";
				CODE_SIGN_STYLE = Automatic;
				CURRENT_PROJECT_VERSION = 1;
				DEVELOPMENT_TEAM = Z9M62WF3J6;
				GENERATE_INFOPLIST_FILE = YES;
				IPHONEOS_DEPLOYMENT_TARGET = 15.2;
				MARKETING_VERSION = 1.0;
				PRODUCT_BUNDLE_IDENTIFIER = comtq.FactoryMethodImplementationTests;
				PRODUCT_NAME = "$(TARGET_NAME)";
				SWIFT_EMIT_LOC_STRINGS = NO;
				SWIFT_VERSION = 5.0;
				TARGETED_DEVICE_FAMILY = "1,2";
				TEST_HOST = "$(BUILT_PRODUCTS_DIR)/FactoryMethodImplementation.app/FactoryMethodImplementation";
			};
			name = Debug;
		};
		299974E42833CB730048A320 /* Release */ = {
			isa = XCBuildConfiguration;
			buildSettings = {
				ALWAYS_EMBED_SWIFT_STANDARD_LIBRARIES = YES;
				BUNDLE_LOADER = "$(TEST_HOST)";
				CODE_SIGN_STYLE = Automatic;
				CURRENT_PROJECT_VERSION = 1;
				DEVELOPMENT_TEAM = Z9M62WF3J6;
				GENERATE_INFOPLIST_FILE = YES;
				IPHONEOS_DEPLOYMENT_TARGET = 15.2;
				MARKETING_VERSION = 1.0;
				PRODUCT_BUNDLE_IDENTIFIER = comtq.FactoryMethodImplementationTests;
				PRODUCT_NAME = "$(TARGET_NAME)";
				SWIFT_EMIT_LOC_STRINGS = NO;
				SWIFT_VERSION = 5.0;
				TARGETED_DEVICE_FAMILY = "1,2";
				TEST_HOST = "$(BUILT_PRODUCTS_DIR)/FactoryMethodImplementation.app/FactoryMethodImplementation";
			};
			name = Release;
		};
		299974E62833CB730048A320 /* Debug */ = {
			isa = XCBuildConfiguration;
			buildSettings = {
				ALWAYS_EMBED_SWIFT_STANDARD_LIBRARIES = YES;
				CODE_SIGN_STYLE = Automatic;
				CURRENT_PROJECT_VERSION = 1;
				DEVELOPMENT_TEAM = Z9M62WF3J6;
				GENERATE_INFOPLIST_FILE = YES;
				MARKETING_VERSION = 1.0;
				PRODUCT_BUNDLE_IDENTIFIER = comtq.FactoryMethodImplementationUITests;
				PRODUCT_NAME = "$(TARGET_NAME)";
				SWIFT_EMIT_LOC_STRINGS = NO;
				SWIFT_VERSION = 5.0;
				TARGETED_DEVICE_FAMILY = "1,2";
				TEST_TARGET_NAME = FactoryMethodImplementation;
			};
			name = Debug;
		};
		299974E72833CB730048A320 /* Release */ = {
			isa = XCBuildConfiguration;
			buildSettings = {
				ALWAYS_EMBED_SWIFT_STANDARD_LIBRARIES = YES;
				CODE_SIGN_STYLE = Automatic;
				CURRENT_PROJECT_VERSION = 1;
				DEVELOPMENT_TEAM = Z9M62WF3J6;
				GENERATE_INFOPLIST_FILE = YES;
				MARKETING_VERSION = 1.0;
				PRODUCT_BUNDLE_IDENTIFIER = comtq.FactoryMethodImplementationUITests;
				PRODUCT_NAME = "$(TARGET_NAME)";
				SWIFT_EMIT_LOC_STRINGS = NO;
				SWIFT_VERSION = 5.0;
				TARGETED_DEVICE_FAMILY = "1,2";
				TEST_TARGET_NAME = FactoryMethodImplementation;
			};
			name = Release;
		};
/* End XCBuildConfiguration section */

/* Begin XCConfigurationList section */
		299974B02833CB710048A320 /* Build configuration list for PBXProject "FactoryMethodImplementation" */ = {
			isa = XCConfigurationList;
			buildConfigurations = (
				299974DD2833CB730048A320 /* Debug */,
				299974DE2833CB730048A320 /* Release */,
			);
			defaultConfigurationIsVisible = 0;
			defaultConfigurationName = Release;
		};
		299974DF2833CB730048A320 /* Build configuration list for PBXNativeTarget "FactoryMethodImplementation" */ = {
			isa = XCConfigurationList;
			buildConfigurations = (
				299974E02833CB730048A320 /* Debug */,
				299974E12833CB730048A320 /* Release */,
			);
			defaultConfigurationIsVisible = 0;
			defaultConfigurationName = Release;
		};
		299974E22833CB730048A320 /* Build configuration list for PBXNativeTarget "FactoryMethodImplementationTests" */ = {
			isa = XCConfigurationList;
			buildConfigurations = (
				299974E32833CB730048A320 /* Debug */,
				299974E42833CB730048A320 /* Release */,
			);
			defaultConfigurationIsVisible = 0;
			defaultConfigurationName = Release;
		};
		299974E52833CB730048A320 /* Build configuration list for PBXNativeTarget "FactoryMethodImplementationUITests" */ = {
			isa = XCConfigurationList;
			buildConfigurations = (
				299974E62833CB730048A320 /* Debug */,
				299974E72833CB730048A320 /* Release */,
			);
			defaultConfigurationIsVisible = 0;
			defaultConfigurationName = Release;
		};
/* End XCConfigurationList section */
	};
	rootObject = 299974AD2833CB710048A320 /* Project object */;
}
